hash: 01063dfbe354e0adfe85732199a634e53d23b075393dadf45abdc938200e311c
updated: 2019-10-27T21:05:13.329807569Z
imports:
- name: github.com/fabiofalci/flagrc
  version: 748e1426fdbd210e5ff8caf145546de70b559f28
- name: github.com/fabiofalci/go-libspotify
  version: ccb6354b63df936d6dfd44241a6516ef656ff7f5
  subpackages:
  - spotify
- name: github.com/golang/protobuf
  version: 1680a479a2cfb3fa22b972af7e36d0a0fde47bf8
  subpackages:
  - proto
- name: github.com/gordonklaus/portaudio
  version: 00e7307ccd93051979a933c6fd5ead641eba5686
- name: github.com/guelfey/go.dbus
  version: f6a3a2366cc39b8479cadc499d3c735fb10fbdda
  subpackages:
  - introspect
- name: github.com/howeyc/gopass
  version: 7cb4b85ec19c7c220ab71433a230f7eb200d639d
- name: github.com/jroimartin/gocui
  version: 4f518eddb04b8f73870836b6d1941e8aa3c06637
- name: github.com/mattn/go-runewidth
  version: 703b5e6b11ae25aeb2af9ebb5d5fdf8fa2575211
- name: github.com/mitchellh/go-homedir
  version: af06845cf3004701891bf4fdb884bfe4920b3727
- name: github.com/nsf/termbox-go
  version: 93860e16131719fa9722e7c448dbf8c0e3210a0d
- name: github.com/zmb3/spotify
  version: e12fb981aacbbe98868183a3056d162245ec96fa
- name: golang.org/x/crypto
  version: af544f31c8ac5794d2134b792e9eb714d9d8f9ce
  subpackages:
  - ssh/terminal
- name: golang.org/x/net
  version: d66e71096ffb9f08f36d9aefcae80ce319de6d68
  subpackages:
  - context
  - context/ctxhttp
- name: golang.org/x/oauth2
  version: 0f29369cfe4552d0e4bcddc57cc75f4d7e672a33
  subpackages:
  - internal
- name: golang.org/x/sys
  version: b09406accb4736d857a32bf9444cd7edae2ffa79
  subpackages:
  - unix
  - windows
- name: google.golang.org/appengine
  version: 971852bfffca25b069c31162ae8f247a3dba083b
  subpackages:
  - internal
  - internal/base
  - internal/datastore
  - internal/log
  - internal/remote_api
  - internal/urlfetch
  - urlfetch
testImports: []
