hash: 7969d5ca9411e4db9a7ce6103f0898925e78b5335c9b71bd20af689dda4d70c0
updated: 2018-03-17T11:04:14.566230113Z
imports:
- name: github.com/fabiofalci/flagrc
  version: 748e1426fdbd210e5ff8caf145546de70b559f28
- name: github.com/fabiofalci/go-libspotify
  version: fbe297fba0309063d327bd290b0ed3a6e07f98c2
  subpackages:
  - spotify
- name: github.com/golang/protobuf
  version: 8ee79997227bf9b34611aee7946ae64735e6fd93
  subpackages:
  - proto
- name: github.com/gordonklaus/portaudio
  version: 2a038c93424fb36d026982db9fd365504a49f566
- name: github.com/howeyc/gopass
  version: bf9dde6d0d2c004a008c27aaee91170c786f6db8
- name: github.com/jroimartin/gocui
  version: 4f518eddb04b8f73870836b6d1941e8aa3c06637
- name: github.com/mattn/go-runewidth
  version: 737072b4e32b7a5018b4a7125da8d12de90e8045
- name: github.com/mitchellh/go-homedir
  version: b8bc1bf767474819792c23f32d8286a45736f1c6
- name: github.com/nsf/termbox-go
  version: e2050e41c8847748ec5288741c0b19a8cb26d084
- name: github.com/zmb3/spotify
  version: d12d726b0e288deb2a8d21212da3f64268612fe5
- name: golang.org/x/crypto
  version: 453249f01cfeb54c3d549ddb75ff152ca243f9d8
  subpackages:
  - ssh/terminal
- name: golang.org/x/net
  version: 61557ac0112b576429a0df080e1c2cef5dfbb642
  subpackages:
  - context
- name: golang.org/x/oauth2
  version: de0725b330ab43c1a3d6c84d961cf01183783f1e
  subpackages:
  - internal
- name: golang.org/x/sys
  version: e24f485414aeafb646f6fca458b0bf869c0880a1
  subpackages:
  - unix
- name: google.golang.org/appengine
  version: 2e4a801b39fc199db615bfca7d0b9f8cd9580599
  subpackages:
  - internal
  - internal/base
  - internal/datastore
  - internal/log
  - internal/remote_api
  - internal/urlfetch
  - urlfetch
testImports: []
